
Microsoft Visual Studio Solution File, Format Version 12.00
# Visual Studio Version 17
VisualStudioVersion = 17.0.31903.59
MinimumVisualStudioVersion = 10.0.40219.1
Project("{2150E333-8FDC-42A3-9474-1A3956D46DE8}") = "src", "src", "{7A2EB8A7-9626-45EA-A088-3B2F0D5FDB30}"
EndProject
Project("{FAE04EC0-301F-11D3-BF4B-00C04F79EFBC}") = "Dataverse.Plugins.Abstractions", "src\Dataverse.Plugins.Abstractions\Dataverse.Plugins.Abstractions.csproj", "{3D0D4C17-7FE6-4561-BE59-7975E983A6BA}"
EndProject
Project("{FAE04EC0-301F-11D3-BF4B-00C04F79EFBC}") = "Sample.Plugins", "src\Sample.Plugins\Sample.Plugins.csproj", "{1EACA781-C5E3-4148-B87E-CAE417A1531A}"
EndProject
Project("{FAE04EC0-301F-11D3-BF4B-00C04F79EFBC}") = "Dataverse.Plugins.Tooling", "src\Dataverse.Plugins.Tooling\Dataverse.Plugins.Tooling.csproj", "{9B0FF335-BFEA-41B1-80A7-6D7680F064AB}"
EndProject
Project("{2150E333-8FDC-42A3-9474-1A3956D46DE8}") = "tests", "tests", "{D21618C6-1727-4F90-9D70-DDF3C6928624}"
EndProject
Project("{FAE04EC0-301F-11D3-BF4B-00C04F79EFBC}") = "Dataverse.Plugins.Tooling.Tests", "tests\Dataverse.Plugins.Tooling.Tests\Dataverse.Plugins.Tooling.Tests.csproj", "{E9449DC8-E203-4EC8-A3C6-D2DD40D815A9}"
EndProject
Global
	GlobalSection(SolutionConfigurationPlatforms) = preSolution
		Debug|Any CPU = Debug|Any CPU
		Release|Any CPU = Release|Any CPU
	EndGlobalSection
	GlobalSection(SolutionProperties) = preSolution
		HideSolutionNode = FALSE
	EndGlobalSection
	GlobalSection(ProjectConfigurationPlatforms) = postSolution
		{3D0D4C17-7FE6-4561-BE59-7975E983A6BA}.Debug|Any CPU.ActiveCfg = Debug|Any CPU
		{3D0D4C17-7FE6-4561-BE59-7975E983A6BA}.Debug|Any CPU.Build.0 = Debug|Any CPU
		{3D0D4C17-7FE6-4561-BE59-7975E983A6BA}.Release|Any CPU.ActiveCfg = Release|Any CPU
		{3D0D4C17-7FE6-4561-BE59-7975E983A6BA}.Release|Any CPU.Build.0 = Release|Any CPU
		{1EACA781-C5E3-4148-B87E-CAE417A1531A}.Debug|Any CPU.ActiveCfg = Debug|Any CPU
		{1EACA781-C5E3-4148-B87E-CAE417A1531A}.Debug|Any CPU.Build.0 = Debug|Any CPU
		{1EACA781-C5E3-4148-B87E-CAE417A1531A}.Release|Any CPU.ActiveCfg = Release|Any CPU
		{1EACA781-C5E3-4148-B87E-CAE417A1531A}.Release|Any CPU.Build.0 = Release|Any CPU
		{9B0FF335-BFEA-41B1-80A7-6D7680F064AB}.Debug|Any CPU.ActiveCfg = Debug|Any CPU
		{9B0FF335-BFEA-41B1-80A7-6D7680F064AB}.Debug|Any CPU.Build.0 = Debug|Any CPU
		{9B0FF335-BFEA-41B1-80A7-6D7680F064AB}.Release|Any CPU.ActiveCfg = Release|Any CPU
		{9B0FF335-BFEA-41B1-80A7-6D7680F064AB}.Release|Any CPU.Build.0 = Release|Any CPU
		{E9449DC8-E203-4EC8-A3C6-D2DD40D815A9}.Debug|Any CPU.ActiveCfg = Debug|Any CPU
		{E9449DC8-E203-4EC8-A3C6-D2DD40D815A9}.Debug|Any CPU.Build.0 = Debug|Any CPU
		{E9449DC8-E203-4EC8-A3C6-D2DD40D815A9}.Release|Any CPU.ActiveCfg = Release|Any CPU
		{E9449DC8-E203-4EC8-A3C6-D2DD40D815A9}.Release|Any CPU.Build.0 = Release|Any CPU
	EndGlobalSection
	GlobalSection(NestedProjects) = preSolution
		{3D0D4C17-7FE6-4561-BE59-7975E983A6BA} = {7A2EB8A7-9626-45EA-A088-3B2F0D5FDB30}
		{1EACA781-C5E3-4148-B87E-CAE417A1531A} = {7A2EB8A7-9626-45EA-A088-3B2F0D5FDB30}
		{9B0FF335-BFEA-41B1-80A7-6D7680F064AB} = {7A2EB8A7-9626-45EA-A088-3B2F0D5FDB30}
		{E9449DC8-E203-4EC8-A3C6-D2DD40D815A9} = {D21618C6-1727-4F90-9D70-DDF3C6928624}
	EndGlobalSection
EndGlobal
